
Microsoft Visual Studio Solution File, Format Version 12.00
# Visual Studio Version 17
VisualStudioVersion = 17.0.31903.59
MinimumVisualStudioVersion = 10.0.40219.1
Project("{2150E333-8FDC-42A3-9474-1A3956D46DE8}") = "Services", "Services", "{E00C2E24-B367-473F-8D4E-BDA4614726B2}"
EndProject
Project("{2150E333-8FDC-42A3-9474-1A3956D46DE8}") = "Catalog", "Catalog", "{0543BDB7-60CC-418A-9B4C-00161311BB0B}"
EndProject
Project("{FAE04EC0-301F-11D3-BF4B-00C04F79EFBC}") = "Catalog.API", "Services\Catalog\Catalog.API\Catalog.API.csproj", "{2C264EA1-E668-41B8-978F-792D72E2A83C}"
EndProject
Project("{2150E333-8FDC-42A3-9474-1A3956D46DE8}") = "BuildingBlocks", "BuildingBlocks", "{A45FD9FB-F32B-41D8-8763-881015C5B6F0}"
EndProject
Project("{FAE04EC0-301F-11D3-BF4B-00C04F79EFBC}") = "BuildingBlocks", "BuildingBlocks\BuildingBlocks\BuildingBlocks.csproj", "{EF7A5775-3724-4CA0-994B-E90B6D9374B3}"
EndProject
Project("{2150E333-8FDC-42A3-9474-1A3956D46DE8}") = "Basket", "Basket", "{DFDB8115-5428-4FD8-8628-3546C1A94E41}"
EndProject
Project("{FAE04EC0-301F-11D3-BF4B-00C04F79EFBC}") = "Basket.API", "Services\Basket\Basket.API\Basket.API.csproj", "{AF451140-39D0-4479-BCFE-854409044913}"
EndProject
Global
	GlobalSection(SolutionConfigurationPlatforms) = preSolution
		Debug|Any CPU = Debug|Any CPU
		Release|Any CPU = Release|Any CPU
	EndGlobalSection
	GlobalSection(SolutionProperties) = preSolution
		HideSolutionNode = FALSE
	EndGlobalSection
	GlobalSection(ProjectConfigurationPlatforms) = postSolution
		{2C264EA1-E668-41B8-978F-792D72E2A83C}.Debug|Any CPU.ActiveCfg = Debug|Any CPU
		{2C264EA1-E668-41B8-978F-792D72E2A83C}.Debug|Any CPU.Build.0 = Debug|Any CPU
		{2C264EA1-E668-41B8-978F-792D72E2A83C}.Release|Any CPU.ActiveCfg = Release|Any CPU
		{2C264EA1-E668-41B8-978F-792D72E2A83C}.Release|Any CPU.Build.0 = Release|Any CPU
		{EF7A5775-3724-4CA0-994B-E90B6D9374B3}.Debug|Any CPU.ActiveCfg = Debug|Any CPU
		{EF7A5775-3724-4CA0-994B-E90B6D9374B3}.Debug|Any CPU.Build.0 = Debug|Any CPU
		{EF7A5775-3724-4CA0-994B-E90B6D9374B3}.Release|Any CPU.ActiveCfg = Release|Any CPU
		{EF7A5775-3724-4CA0-994B-E90B6D9374B3}.Release|Any CPU.Build.0 = Release|Any CPU
		{AF451140-39D0-4479-BCFE-854409044913}.Debug|Any CPU.ActiveCfg = Debug|Any CPU
		{AF451140-39D0-4479-BCFE-854409044913}.Debug|Any CPU.Build.0 = Debug|Any CPU
		{AF451140-39D0-4479-BCFE-854409044913}.Release|Any CPU.ActiveCfg = Release|Any CPU
		{AF451140-39D0-4479-BCFE-854409044913}.Release|Any CPU.Build.0 = Release|Any CPU
	EndGlobalSection
	GlobalSection(NestedProjects) = preSolution
		{0543BDB7-60CC-418A-9B4C-00161311BB0B} = {E00C2E24-B367-473F-8D4E-BDA4614726B2}
		{2C264EA1-E668-41B8-978F-792D72E2A83C} = {0543BDB7-60CC-418A-9B4C-00161311BB0B}
		{EF7A5775-3724-4CA0-994B-E90B6D9374B3} = {A45FD9FB-F32B-41D8-8763-881015C5B6F0}
		{DFDB8115-5428-4FD8-8628-3546C1A94E41} = {E00C2E24-B367-473F-8D4E-BDA4614726B2}
		{AF451140-39D0-4479-BCFE-854409044913} = {DFDB8115-5428-4FD8-8628-3546C1A94E41}
	EndGlobalSection
EndGlobal
